
Microsoft Visual Studio Solution File, Format Version 12.00
# Visual Studio 14
VisualStudioVersion = 14.0.25420.1
MinimumVisualStudioVersion = 10.0.40219.1
Project("{FAE04EC0-301F-11D3-BF4B-00C04F79EFBC}") = "projet jeux 2", "Game2\projet jeux 2.csproj", "{FA8D6A7E-6DE8-4C36-B242-FF66B871CD09}"
EndProject
Project("{FAE04EC0-301F-11D3-BF4B-00C04F79EFBC}") = "menu", "menu\menu.csproj", "{7D268FCC-A799-4596-A831-A74C0B08CB9C}"
EndProject
Global
	GlobalSection(SolutionConfigurationPlatforms) = preSolution
		Debug|x86 = Debug|x86
		Release|x86 = Release|x86
	EndGlobalSection
	GlobalSection(ProjectConfigurationPlatforms) = postSolution
		{FA8D6A7E-6DE8-4C36-B242-FF66B871CD09}.Debug|x86.ActiveCfg = Debug|x86
		{FA8D6A7E-6DE8-4C36-B242-FF66B871CD09}.Debug|x86.Build.0 = Debug|x86
		{FA8D6A7E-6DE8-4C36-B242-FF66B871CD09}.Release|x86.ActiveCfg = Release|x86
		{FA8D6A7E-6DE8-4C36-B242-FF66B871CD09}.Release|x86.Build.0 = Release|x86
		{7D268FCC-A799-4596-A831-A74C0B08CB9C}.Debug|x86.ActiveCfg = Debug|x86
		{7D268FCC-A799-4596-A831-A74C0B08CB9C}.Debug|x86.Build.0 = Debug|x86
		{7D268FCC-A799-4596-A831-A74C0B08CB9C}.Release|x86.ActiveCfg = Release|x86
		{7D268FCC-A799-4596-A831-A74C0B08CB9C}.Release|x86.Build.0 = Release|x86
	EndGlobalSection
	GlobalSection(SolutionProperties) = preSolution
		HideSolutionNode = FALSE
	EndGlobalSection
EndGlobal
